
Microsoft Visual Studio Solution File, Format Version 12.00
# Visual Studio Version 17
VisualStudioVersion = 17.14.36301.6 d17.14
MinimumVisualStudioVersion = 10.0.40219.1
Project("{FAE04EC0-301F-11D3-BF4B-00C04F79EFBC}") = "Mini_Medical_Record_WEB", "Mini_Medical_Record_WEB\Mini_Medical_Record_WEB.csproj", "{27D517EE-5BB1-49DC-B02E-892CC7DC93FF}"
EndProject
Global
	GlobalSection(SolutionConfigurationPlatforms) = preSolution
		Debug|Any CPU = Debug|Any CPU
		Release|Any CPU = Release|Any CPU
	EndGlobalSection
	GlobalSection(ProjectConfigurationPlatforms) = postSolution
		{27D517EE-5BB1-49DC-B02E-892CC7DC93FF}.Debug|Any CPU.ActiveCfg = Debug|Any CPU
		{27D517EE-5BB1-49DC-B02E-892CC7DC93FF}.Debug|Any CPU.Build.0 = Debug|Any CPU
		{27D517EE-5BB1-49DC-B02E-892CC7DC93FF}.Release|Any CPU.ActiveCfg = Release|Any CPU
		{27D517EE-5BB1-49DC-B02E-892CC7DC93FF}.Release|Any CPU.Build.0 = Release|Any CPU
	EndGlobalSection
	GlobalSection(SolutionProperties) = preSolution
		HideSolutionNode = FALSE
	EndGlobalSection
	GlobalSection(ExtensibilityGlobals) = postSolution
		SolutionGuid = {1BE85E2D-34DB-4643-9AC5-A4B18B97EEB3}
	EndGlobalSection
EndGlobal
